
Microsoft Visual Studio Solution File, Format Version 12.00
# Visual Studio Version 17
VisualStudioVersion = 17.6.33829.357
MinimumVisualStudioVersion = 10.0.40219.1
Project("{9A19103F-16F7-4668-BE54-9A1E7A4F7556}") = "Testing ASP .NET", "Testing ASP .NET.csproj", "{3732A998-E11B-489A-80A8-E92E4EAA24E1}"
EndProject
Global
	GlobalSection(SolutionConfigurationPlatforms) = preSolution
		Debug|Any CPU = Debug|Any CPU
		Release|Any CPU = Release|Any CPU
	EndGlobalSection
	GlobalSection(ProjectConfigurationPlatforms) = postSolution
		{3732A998-E11B-489A-80A8-E92E4EAA24E1}.Debug|Any CPU.ActiveCfg = Debug|Any CPU
		{3732A998-E11B-489A-80A8-E92E4EAA24E1}.Debug|Any CPU.Build.0 = Debug|Any CPU
		{3732A998-E11B-489A-80A8-E92E4EAA24E1}.Release|Any CPU.ActiveCfg = Release|Any CPU
		{3732A998-E11B-489A-80A8-E92E4EAA24E1}.Release|Any CPU.Build.0 = Release|Any CPU
	EndGlobalSection
	GlobalSection(SolutionProperties) = preSolution
		HideSolutionNode = FALSE
	EndGlobalSection
	GlobalSection(ExtensibilityGlobals) = postSolution
		SolutionGuid = {EF37E689-1D86-426C-BE5B-F894AC138681}
	EndGlobalSection
EndGlobal
